{
  "name": "audio-speaker",
  "version": "2.0.0-alpha.0",
  "lockfileVersion": 3,
  "requires": true,
  "packages": {
    "": {
      "name": "audio-speaker",
      "version": "2.0.0-alpha.0",
      "license": "MIT",
      "dependencies": {
        "is-audio-buffer": "^1.0.1",
        "pcm-util": "^2.1.0"
      },
      "devDependencies": {
        "tst": "^9.3.0"
      },
      "engines": {
        "node": ">=18"
      },
      "optionalDependencies": {
        "@picovoice/pvspeaker-node": "^1.0.0"
      }
    },
    "node_modules/@picovoice/pvspeaker-node": {
      "version": "1.0.3",
      "resolved": "https://registry.npmjs.org/@picovoice/pvspeaker-node/-/pvspeaker-node-1.0.3.tgz",
      "integrity": "sha512-N26hrnuZVCr3CB6yTsVavdv8zgF6qna/JD3jtMb17JRHXIqrEItNd+ZkfxOWYGHPqla/nJc6yeVfM1495Yd7Aw==",
      "license": "Apache-2.0",
      "optional": true,
      "engines": {
        "node": ">=18.0.0"
      }
    },
    "node_modules/atob-lite": {
      "version": "1.0.0",
      "resolved": "https://registry.npmjs.org/atob-lite/-/atob-lite-1.0.0.tgz",
      "integrity": "sha512-ArXcmHR/vwSN37HLVap/Y5SKpz12CuEybxe1sIYl7th/S6SQPrVMNFt6rblJzCOAxn0SHbXpknUtqbAIeo3Aow==",
      "license": "MIT"
    },
    "node_modules/audio-buffer": {
      "version": "3.2.1",
      "resolved": "https://registry.npmjs.org/audio-buffer/-/audio-buffer-3.2.1.tgz",
      "integrity": "sha512-yQNZUatQ5dF7h4BezYLy6T9w4LHahMVXrncFZJjI+N44S3O0lEgZcicsSSdvgNk0gLii58Q4gTvSZyohYqRbfw==",
      "deprecated": "Depends on Web-Audio-API implementation. Use either web-audio-api, web-audio-js or web-audio-engine package.",
      "license": "MIT",
      "dependencies": {
        "audio-context": "^1.0.0",
        "buffer-to-arraybuffer": "latest",
        "is-audio-buffer": "^1.0.1",
        "is-browser": "^2.0.1",
        "is-buffer": "^1.1.0",
        "is-plain-obj": "^1.1.0"
      }
    },
    "node_modules/audio-context": {
      "version": "1.0.3",
      "resolved": "https://registry.npmjs.org/audio-context/-/audio-context-1.0.3.tgz",
      "integrity": "sha512-RH3/rM74f2ITlohhjgC7oYZVS97wtv/SEjXLCzEinnrIPIDxc39m2aFc6wmdkM0NYRKo1DMleYPMAIbnTRW0eA==",
      "deprecated": "Depends on Web-Audio-API implementation. Use either web-audio-api, web-audio-js or web-audio-engine package.",
      "license": "MIT"
    },
    "node_modules/buffer-to-arraybuffer": {
      "version": "0.0.6",
      "resolved": "https://registry.npmjs.org/buffer-to-arraybuffer/-/buffer-to-arraybuffer-0.0.6.tgz",
      "integrity": "sha512-i/ndmmCF5QC1D75QCO1EPwYRPIVRVs2yLwkl2bc8R5P1ORHGZZAbTwmYM/vpXt7KzCe+Y57E8YPGTJywgWBNRw==",
      "license": "MIT"
    },
    "node_modules/data-uri-regex": {
      "version": "0.1.4",
      "resolved": "https://registry.npmjs.org/data-uri-regex/-/data-uri-regex-0.1.4.tgz",
      "integrity": "sha512-QnJ3LVGIitKfO1wZ08l+0cpQUNdEGRDKR0kH2prNvbfBUk0zVn7A6KSTvETGqD2BI1h1CgdqY4X8bEjKu4CdXA==",
      "license": "MIT",
      "engines": {
        "node": ">=0.12.0"
      }
    },
    "node_modules/is-audio-buffer": {
      "version": "1.1.0",
      "resolved": "https://registry.npmjs.org/is-audio-buffer/-/is-audio-buffer-1.1.0.tgz",
      "integrity": "sha512-fmPC/dizJmP4ITCsW5oTQGMJ9wZVE+A/zAe6FQo3XwgERxmXHmm3ON5XkWDAxmyxvsrDmWx3NArpSgamp/59AA==",
      "license": "MIT"
    },
    "node_modules/is-browser": {
      "version": "2.1.0",
      "resolved": "https://registry.npmjs.org/is-browser/-/is-browser-2.1.0.tgz",
      "integrity": "sha512-F5rTJxDQ2sW81fcfOR1GnCXT6sVJC104fCyfj+mjpwNEwaPYSn5fte5jiHmBg3DHsIoL/l8Kvw5VN5SsTRcRFQ==",
      "license": "MIT"
    },
    "node_modules/is-buffer": {
      "version": "1.1.6",
      "resolved": "https://registry.npmjs.org/is-buffer/-/is-buffer-1.1.6.tgz",
      "integrity": "sha512-NcdALwpXkTm5Zvvbk7owOUSvVvBKDgKP5/ewfXEznmQFfs4ZRmanOeKBTjRVjka3QFoN6XJ+9F3USqfHqTaU5w==",
      "license": "MIT"
    },
    "node_modules/is-data-uri": {
      "version": "0.1.0",
      "resolved": "https://registry.npmjs.org/is-data-uri/-/is-data-uri-0.1.0.tgz",
      "integrity": "sha512-f8UoAIxZ+9xkHv19viLuXOD5PcbasuwT0Syq1socQZkHmNFV0DVIshld0TEjLPHG8t+kTmNHimht5NY3j5Pk5A==",
      "license": "MIT",
      "dependencies": {
        "data-uri-regex": "^0.1.2"
      },
      "engines": {
        "node": ">=0.10.0"
      }
    },
    "node_modules/is-plain-obj": {
      "version": "1.1.0",
      "resolved": "https://registry.npmjs.org/is-plain-obj/-/is-plain-obj-1.1.0.tgz",
      "integrity": "sha512-yvkRyxmFKEOQ4pNXCmJG5AEQNlXJS5LaONXo5/cLdTZdWvsZ1ioJEonLGAosKlMWE8lwUy/bJzMjcw8az73+Fg==",
      "license": "MIT",
      "engines": {
        "node": ">=0.10.0"
      }
    },
    "node_modules/pcm-util": {
      "version": "2.1.0",
      "resolved": "https://registry.npmjs.org/pcm-util/-/pcm-util-2.1.0.tgz",
      "integrity": "sha512-gC6DtsnHJgOQ3Xp4ybdLclANWRi0YnL2ojn6HXznoqcL0kM3ZNcyGFIuRH/CKEy65VTGc2ZAL90m/IoqT5mGGQ==",
      "deprecated": "Not as cool as you may think. Look pcm-convert.",
      "license": "MIT",
      "dependencies": {
        "audio-buffer": "^3.0.0",
        "is-audio-buffer": "^1.0.1",
        "is-buffer": "^1.1.0",
        "to-array-buffer": "^1.0.0"
      }
    },
    "node_modules/to-array-buffer": {
      "version": "1.2.4",
      "resolved": "https://registry.npmjs.org/to-array-buffer/-/to-array-buffer-1.2.4.tgz",
      "integrity": "sha512-G/ZsRfvADjo6whwVpnhY0ZVgRs7Vs8f6NJcxYHZA2TpBAX5Fxavy4SyQ3RLqujkHVWDZ6a7jmzGjGkspdvu6Wg==",
      "license": "MIT",
      "dependencies": {
        "atob-lite": "^1.0.0",
        "is-audio-buffer": "^1.0.1",
        "is-data-uri": "^0.1.0"
      }
    },
    "node_modules/tst": {
      "version": "9.3.0",
      "resolved": "https://registry.npmjs.org/tst/-/tst-9.3.0.tgz",
      "integrity": "sha512-bDTkcUnN1voxF0gh3vYOgX+4TMfi4iO7tste19ciYrmO+1eRZAT6IkVNiT1u8kkbyrF1+ojh1cwZOA2W/eljrQ==",
      "dev": true,
      "license": "MIT"
    }
  }
}
