{
  "name": "audio-speaker",
  "version": "2.0.0",
  "lockfileVersion": 1,
  "requires": true,
  "dependencies": {
    "atob": {
      "version": "2.1.2",
      "resolved": "https://registry.npmjs.org/atob/-/atob-2.1.2.tgz",
      "integrity": "sha512-Wm6ukoaOGJi/73p/cl2GvLjTI5JM1k/O14isD73YML8StrH/7/lRFgmg8nICZgD3bZZvjwCGxtMOD3wWNAu8cg==",
      "dev": true
    },
    "audio-context": {
      "version": "1.0.1",
      "resolved": "https://registry.npmjs.org/audio-context/-/audio-context-1.0.1.tgz",
      "integrity": "sha1-zsTbis5u9KrL8Q7vCXekVxRo1Ks=",
      "requires": {
        "global": "^4.3.1"
      }
    },
    "audio-lena": {
      "version": "2.1.1",
      "resolved": "https://registry.npmjs.org/audio-lena/-/audio-lena-2.1.1.tgz",
      "integrity": "sha1-6IyKnn5HMsZq8lJTTvw8Vmg6/FY=",
      "dev": true,
      "requires": {
        "atob": "^2.0.3"
      }
    },
    "audioworklet-polyfill": {
      "version": "1.1.2",
      "resolved": "https://registry.npmjs.org/audioworklet-polyfill/-/audioworklet-polyfill-1.1.2.tgz",
      "integrity": "sha512-W6GpXVksUuT6/PTAFosLg98yU0wvCYBltNjgsAse3GCL8VFlZNnqTztvQ4Z0ZXg34olw/zHXjXnNX/0Q/kyapA=="
    },
    "dequal": {
      "version": "1.0.0",
      "resolved": "https://registry.npmjs.org/dequal/-/dequal-1.0.0.tgz",
      "integrity": "sha512-/Nd1EQbQbI9UbSHrMiKZjFLrXSnU328iQdZKPQf78XQI6C+gutkFUeoHpG5J08Ioa6HeRbRNFpSIclh1xyG0mw==",
      "dev": true
    },
    "dom-walk": {
      "version": "0.1.1",
      "resolved": "https://registry.npmjs.org/dom-walk/-/dom-walk-0.1.1.tgz",
      "integrity": "sha1-ZyIm3HTI95mtNTB9+TaroRrNYBg="
    },
    "esm": {
      "version": "3.2.25",
      "resolved": "https://registry.npmjs.org/esm/-/esm-3.2.25.tgz",
      "integrity": "sha512-U1suiZ2oDVWv4zPO56S0NcR5QriEahGtdN2OR6FiOG4WJvcjBVFB0qI4+eKoWFH483PKGuLuu6V8Z4T5g63UVA==",
      "dev": true
    },
    "global": {
      "version": "4.3.2",
      "resolved": "https://registry.npmjs.org/global/-/global-4.3.2.tgz",
      "integrity": "sha1-52mJJopsdMOJCLEwWxD8DjlOnQ8=",
      "requires": {
        "min-document": "^2.19.0",
        "process": "~0.5.1"
      }
    },
    "is-audio-buffer": {
      "version": "1.1.0",
      "resolved": "https://registry.npmjs.org/is-audio-buffer/-/is-audio-buffer-1.1.0.tgz",
      "integrity": "sha512-fmPC/dizJmP4ITCsW5oTQGMJ9wZVE+A/zAe6FQo3XwgERxmXHmm3ON5XkWDAxmyxvsrDmWx3NArpSgamp/59AA=="
    },
    "min-document": {
      "version": "2.19.0",
      "resolved": "https://registry.npmjs.org/min-document/-/min-document-2.19.0.tgz",
      "integrity": "sha1-e9KC4/WELtKVu3SM3Z8f+iyCRoU=",
      "requires": {
        "dom-walk": "^0.1.0"
      }
    },
    "performance-now": {
      "version": "2.1.0",
      "resolved": "https://registry.npmjs.org/performance-now/-/performance-now-2.1.0.tgz",
      "integrity": "sha1-Ywn04OX6kT7BxpMHrjZLSzd8nns=",
      "dev": true
    },
    "process": {
      "version": "0.5.2",
      "resolved": "https://registry.npmjs.org/process/-/process-0.5.2.tgz",
      "integrity": "sha1-FjjYqONML0QKkduVq5rrZ3/Bhc8="
    },
    "queue-microtask": {
      "version": "1.1.2",
      "resolved": "https://registry.npmjs.org/queue-microtask/-/queue-microtask-1.1.2.tgz",
      "integrity": "sha512-F9wwNePtXrzZenAB3ax0Y8TSKGvuB7Qw16J30hspEUTbfUM+H827XyN3rlpwhVmtm5wuZtbKIHjOnwDn7MUxWQ==",
      "dev": true
    },
    "raf": {
      "version": "3.4.1",
      "resolved": "https://registry.npmjs.org/raf/-/raf-3.4.1.tgz",
      "integrity": "sha512-Sq4CW4QhwOHE8ucn6J34MqtZCeWFP2aQSmrlroYgqAV1PjStIhJXxYuTgUIfkEk7zTLjmIjLmU5q+fbD1NnOJA==",
      "dev": true,
      "requires": {
        "performance-now": "^2.1.0"
      }
    },
    "tst": {
      "version": "5.0.11",
      "resolved": "https://registry.npmjs.org/tst/-/tst-5.0.11.tgz",
      "integrity": "sha512-tObPrwQf1UvdyoH03coaIiNqUh3aVSd7hearCKeSE9G4LuzvIMlGH5BnbA50oWLWBrpHOfjUq2ONgUKlTnB0AA==",
      "dev": true,
      "requires": {
        "dequal": "^1.0.0",
        "wait-please": "^2.0.1"
      }
    },
    "wait-please": {
      "version": "2.0.1",
      "resolved": "https://registry.npmjs.org/wait-please/-/wait-please-2.0.1.tgz",
      "integrity": "sha512-iG17ckc7FIbjrxXmOb4ApUDy+qre1WEsR1ebeue6kh74Ge8UBOKOqs4b2PppnK0USb84JAaqsnyorsRasEz2/g==",
      "dev": true,
      "requires": {
        "queue-microtask": "^1.1.2",
        "raf": "^3.4.1"
      }
    },
    "web-audio-write": {
      "version": "2.0.1",
      "resolved": "https://registry.npmjs.org/web-audio-write/-/web-audio-write-2.0.1.tgz",
      "integrity": "sha512-GN9+0/I2jZ5wfu1R4kQs3bVNILweyLmEZhIuTMu1qUNC28mel0HRkNfiuGKq7jJf5rH9LMgrIGRj42HD8xzDCg==",
      "requires": {
        "audio-context": "^1.0.3",
        "audioworklet-polyfill": "^1.1.2"
      },
      "dependencies": {
        "audio-context": {
          "version": "1.0.3",
          "resolved": "https://registry.npmjs.org/audio-context/-/audio-context-1.0.3.tgz",
          "integrity": "sha512-RH3/rM74f2ITlohhjgC7oYZVS97wtv/SEjXLCzEinnrIPIDxc39m2aFc6wmdkM0NYRKo1DMleYPMAIbnTRW0eA=="
        }
      }
    }
  }
}
